// !$*UTF8*$!
{
	archiveVersion = 1;
	classes = {
	};
	objectVersion = 46;
	objects = {

/* Begin PBXBuildFile section */
		802BF0D51B16B270005A62C3 /* Alt.swift in Sources */ = {isa = PBXBuildFile; fileRef = 802BF0D41B16B270005A62C3 /* Alt.swift */; };
		8047ABC31A9FF411008093A4 /* main.m in Sources */ = {isa = PBXBuildFile; fileRef = 8047ABC21A9FF411008093A4 /* main.m */; };
		8047ABC61A9FF411008093A4 /* AppDelegate.m in Sources */ = {isa = PBXBuildFile; fileRef = 8047ABC51A9FF411008093A4 /* AppDelegate.m */; };
		8047ABCC1A9FF411008093A4 /* Main.storyboard in Resources */ = {isa = PBXBuildFile; fileRef = 8047ABCA1A9FF411008093A4 /* Main.storyboard */; };
		8047ABCE1A9FF411008093A4 /* Images.xcassets in Resources */ = {isa = PBXBuildFile; fileRef = 8047ABCD1A9FF411008093A4 /* Images.xcassets */; };
		8047ABD11A9FF411008093A4 /* LaunchScreen.xib in Resources */ = {isa = PBXBuildFile; fileRef = 8047ABCF1A9FF411008093A4 /* LaunchScreen.xib */; };
		8047ABDD1A9FF411008093A4 /* PolymerTests.m in Sources */ = {isa = PBXBuildFile; fileRef = 8047ABDC1A9FF411008093A4 /* PolymerTests.m */; };
		8047ABEB1A9FF534008093A4 /* PLYEndpoint.m in Sources */ = {isa = PBXBuildFile; fileRef = 8047ABE81A9FF534008093A4 /* PLYEndpoint.m */; };
		8047ABEC1A9FF534008093A4 /* PLYNetworking.m in Sources */ = {isa = PBXBuildFile; fileRef = 8047ABEA1A9FF534008093A4 /* PLYNetworking.m */; };
		8047ABEF1A9FF544008093A4 /* ViewController.m in Sources */ = {isa = PBXBuildFile; fileRef = 8047ABEE1A9FF544008093A4 /* ViewController.m */; };
		8047ABF81A9FF586008093A4 /* SpotifyArtist.m in Sources */ = {isa = PBXBuildFile; fileRef = 8047ABF31A9FF586008093A4 /* SpotifyArtist.m */; };
		8047ABF91A9FF586008093A4 /* SpotifyImageRef.m in Sources */ = {isa = PBXBuildFile; fileRef = 8047ABF51A9FF586008093A4 /* SpotifyImageRef.m */; };
		8047ABFA1A9FF586008093A4 /* SpotifyEndpoints.m in Sources */ = {isa = PBXBuildFile; fileRef = 8047ABF71A9FF586008093A4 /* SpotifyEndpoints.m */; };
		9F276AD54BD3DF0E8A87EECA /* libPods.a in Frameworks */ = {isa = PBXBuildFile; fileRef = DE0383B994C08B693808D1F3 /* libPods.a */; };
/* End PBXBuildFile section */

/* Begin PBXContainerItemProxy section */
		8047ABD71A9FF411008093A4 /* PBXContainerItemProxy */ = {
			isa = PBXContainerItemProxy;
			containerPortal = 8047ABB51A9FF411008093A4 /* Project object */;
			proxyType = 1;
			remoteGlobalIDString = 8047ABBC1A9FF411008093A4;
			remoteInfo = Polymer;
		};
/* End PBXContainerItemProxy section */

/* Begin PBXFileReference section */
		3012B6C3FE5EB86E20D2425A /* Pods.release.xcconfig */ = {isa = PBXFileReference; includeInIndex = 1; lastKnownFileType = text.xcconfig; name = Pods.release.xcconfig; path = "Pods/Target Support Files/Pods/Pods.release.xcconfig"; sourceTree = "<group>"; };
		802BF0D41B16B270005A62C3 /* Alt.swift */ = {isa = PBXFileReference; fileEncoding = 4; lastKnownFileType = sourcecode.swift; path = Alt.swift; sourceTree = "<group>"; };
		8047ABBD1A9FF411008093A4 /* Polymer.app */ = {isa = PBXFileReference; explicitFileType = wrapper.application; includeInIndex = 0; path = Polymer.app; sourceTree = BUILT_PRODUCTS_DIR; };
		8047ABC11A9FF411008093A4 /* Info.plist */ = {isa = PBXFileReference; lastKnownFileType = text.plist.xml; path = Info.plist; sourceTree = "<group>"; };
		8047ABC21A9FF411008093A4 /* main.m */ = {isa = PBXFileReference; lastKnownFileType = sourcecode.c.objc; lineEnding = 0; path = main.m; sourceTree = "<group>"; xcLanguageSpecificationIdentifier = xcode.lang.objc; };
		8047ABC41A9FF411008093A4 /* AppDelegate.h */ = {isa = PBXFileReference; lastKnownFileType = sourcecode.c.h; lineEnding = 0; path = AppDelegate.h; sourceTree = "<group>"; xcLanguageSpecificationIdentifier = xcode.lang.objcpp; };
		8047ABC51A9FF411008093A4 /* AppDelegate.m */ = {isa = PBXFileReference; lastKnownFileType = sourcecode.c.objc; lineEnding = 0; path = AppDelegate.m; sourceTree = "<group>"; xcLanguageSpecificationIdentifier = xcode.lang.objc; };
		8047ABCB1A9FF411008093A4 /* Base */ = {isa = PBXFileReference; lastKnownFileType = file.storyboard; name = Base; path = Base.lproj/Main.storyboard; sourceTree = "<group>"; };
		8047ABCD1A9FF411008093A4 /* Images.xcassets */ = {isa = PBXFileReference; lastKnownFileType = folder.assetcatalog; path = Images.xcassets; sourceTree = "<group>"; };
		8047ABD01A9FF411008093A4 /* Base */ = {isa = PBXFileReference; lastKnownFileType = file.xib; name = Base; path = Base.lproj/LaunchScreen.xib; sourceTree = "<group>"; };
		8047ABD61A9FF411008093A4 /* PolymerTests.xctest */ = {isa = PBXFileReference; explicitFileType = wrapper.cfbundle; includeInIndex = 0; path = PolymerTests.xctest; sourceTree = BUILT_PRODUCTS_DIR; };
		8047ABDB1A9FF411008093A4 /* Info.plist */ = {isa = PBXFileReference; lastKnownFileType = text.plist.xml; path = Info.plist; sourceTree = "<group>"; };
		8047ABDC1A9FF411008093A4 /* PolymerTests.m */ = {isa = PBXFileReference; lastKnownFileType = sourcecode.c.objc; path = PolymerTests.m; sourceTree = "<group>"; };
		8047ABE71A9FF534008093A4 /* PLYEndpoint.h */ = {isa = PBXFileReference; fileEncoding = 4; lastKnownFileType = sourcecode.c.h; lineEnding = 0; path = PLYEndpoint.h; sourceTree = "<group>"; xcLanguageSpecificationIdentifier = xcode.lang.objcpp; };
		8047ABE81A9FF534008093A4 /* PLYEndpoint.m */ = {isa = PBXFileReference; fileEncoding = 4; lastKnownFileType = sourcecode.c.objc; lineEnding = 0; path = PLYEndpoint.m; sourceTree = "<group>"; xcLanguageSpecificationIdentifier = xcode.lang.objc; };
		8047ABE91A9FF534008093A4 /* PLYNetworking.h */ = {isa = PBXFileReference; fileEncoding = 4; lastKnownFileType = sourcecode.c.h; path = PLYNetworking.h; sourceTree = "<group>"; };
		8047ABEA1A9FF534008093A4 /* PLYNetworking.m */ = {isa = PBXFileReference; fileEncoding = 4; lastKnownFileType = sourcecode.c.objc; path = PLYNetworking.m; sourceTree = "<group>"; };
		8047ABED1A9FF544008093A4 /* ViewController.h */ = {isa = PBXFileReference; fileEncoding = 4; lastKnownFileType = sourcecode.c.h; path = ViewController.h; sourceTree = "<group>"; };
		8047ABEE1A9FF544008093A4 /* ViewController.m */ = {isa = PBXFileReference; fileEncoding = 4; lastKnownFileType = sourcecode.c.objc; path = ViewController.m; sourceTree = "<group>"; };
		8047ABF21A9FF586008093A4 /* SpotifyArtist.h */ = {isa = PBXFileReference; fileEncoding = 4; lastKnownFileType = sourcecode.c.h; path = SpotifyArtist.h; sourceTree = "<group>"; };
		8047ABF31A9FF586008093A4 /* SpotifyArtist.m */ = {isa = PBXFileReference; fileEncoding = 4; lastKnownFileType = sourcecode.c.objc; path = SpotifyArtist.m; sourceTree = "<group>"; };
		8047ABF41A9FF586008093A4 /* SpotifyImageRef.h */ = {isa = PBXFileReference; fileEncoding = 4; lastKnownFileType = sourcecode.c.h; path = SpotifyImageRef.h; sourceTree = "<group>"; };
		8047ABF51A9FF586008093A4 /* SpotifyImageRef.m */ = {isa = PBXFileReference; fileEncoding = 4; lastKnownFileType = sourcecode.c.objc; path = SpotifyImageRef.m; sourceTree = "<group>"; };
		8047ABF61A9FF586008093A4 /* SpotifyEndpoints.h */ = {isa = PBXFileReference; fileEncoding = 4; lastKnownFileType = sourcecode.c.h; path = SpotifyEndpoints.h; sourceTree = "<group>"; };
		8047ABF71A9FF586008093A4 /* SpotifyEndpoints.m */ = {isa = PBXFileReference; fileEncoding = 4; lastKnownFileType = sourcecode.c.objc; path = SpotifyEndpoints.m; sourceTree = "<group>"; };
		806D78CA1AE856CA00A71CB0 /* Polymer-Bridging-Header.h */ = {isa = PBXFileReference; lastKnownFileType = sourcecode.c.h; path = "Polymer-Bridging-Header.h"; sourceTree = "<group>"; };
		806D78CB1AE856CA00A71CB0 /* PolymerSwift.swift */ = {isa = PBXFileReference; fileEncoding = 4; lastKnownFileType = sourcecode.swift; name = PolymerSwift.swift; path = Swift/PolymerSwift.swift; sourceTree = "<group>"; };
		A0FBB3DBC2B8B49B82E248CB /* Pods.debug.xcconfig */ = {isa = PBXFileReference; includeInIndex = 1; lastKnownFileType = text.xcconfig; name = Pods.debug.xcconfig; path = "Pods/Target Support Files/Pods/Pods.debug.xcconfig"; sourceTree = "<group>"; };
		DE0383B994C08B693808D1F3 /* libPods.a */ = {isa = PBXFileReference; explicitFileType = archive.ar; includeInIndex = 0; path = libPods.a; sourceTree = BUILT_PRODUCTS_DIR; };
/* End PBXFileReference section */

/* Begin PBXFrameworksBuildPhase section */
		8047ABBA1A9FF411008093A4 /* Frameworks */ = {
			isa = PBXFrameworksBuildPhase;
			buildActionMask = 2147483647;
			files = (
				9F276AD54BD3DF0E8A87EECA /* libPods.a in Frameworks */,
			);
			runOnlyForDeploymentPostprocessing = 0;
		};
		8047ABD31A9FF411008093A4 /* Frameworks */ = {
			isa = PBXFrameworksBuildPhase;
			buildActionMask = 2147483647;
			files = (
			);
			runOnlyForDeploymentPostprocessing = 0;
		};
/* End PBXFrameworksBuildPhase section */

/* Begin PBXGroup section */
		3CC104FA348DA8081E5005FA /* Frameworks */ = {
			isa = PBXGroup;
			children = (
				DE0383B994C08B693808D1F3 /* libPods.a */,
			);
			name = Frameworks;
			sourceTree = "<group>";
		};
		7CDC12C8988837A7FC16DF12 /* Pods */ = {
			isa = PBXGroup;
			children = (
				A0FBB3DBC2B8B49B82E248CB /* Pods.debug.xcconfig */,
				3012B6C3FE5EB86E20D2425A /* Pods.release.xcconfig */,
			);
			name = Pods;
			sourceTree = "<group>";
		};
		8047ABB41A9FF411008093A4 = {
			isa = PBXGroup;
			children = (
				8047ABBF1A9FF411008093A4 /* Polymer */,
				8047ABD91A9FF411008093A4 /* PolymerTests */,
				8047ABBE1A9FF411008093A4 /* Products */,
				7CDC12C8988837A7FC16DF12 /* Pods */,
				3CC104FA348DA8081E5005FA /* Frameworks */,
			);
			sourceTree = "<group>";
		};
		8047ABBE1A9FF411008093A4 /* Products */ = {
			isa = PBXGroup;
			children = (
				8047ABBD1A9FF411008093A4 /* Polymer.app */,
				8047ABD61A9FF411008093A4 /* PolymerTests.xctest */,
			);
			name = Products;
			sourceTree = "<group>";
		};
		8047ABBF1A9FF411008093A4 /* Polymer */ = {
			isa = PBXGroup;
			children = (
				806D78C91AE856B300A71CB0 /* Swift */,
				8047ABE61A9FF534008093A4 /* Source */,
				8047ABF01A9FF586008093A4 /* Example */,
				8047ABC41A9FF411008093A4 /* AppDelegate.h */,
				8047ABC51A9FF411008093A4 /* AppDelegate.m */,
				8047ABED1A9FF544008093A4 /* ViewController.h */,
				8047ABEE1A9FF544008093A4 /* ViewController.m */,
				8047ABCA1A9FF411008093A4 /* Main.storyboard */,
				8047ABCD1A9FF411008093A4 /* Images.xcassets */,
				8047ABCF1A9FF411008093A4 /* LaunchScreen.xib */,
				8047ABC01A9FF411008093A4 /* Supporting Files */,
				806D78CA1AE856CA00A71CB0 /* Polymer-Bridging-Header.h */,
			);
			path = Polymer;
			sourceTree = "<group>";
		};
		8047ABC01A9FF411008093A4 /* Supporting Files */ = {
			isa = PBXGroup;
			children = (
				8047ABC11A9FF411008093A4 /* Info.plist */,
				8047ABC21A9FF411008093A4 /* main.m */,
			);
			name = "Supporting Files";
			sourceTree = "<group>";
		};
		8047ABD91A9FF411008093A4 /* PolymerTests */ = {
			isa = PBXGroup;
			children = (
				8047ABDC1A9FF411008093A4 /* PolymerTests.m */,
				8047ABDA1A9FF411008093A4 /* Supporting Files */,
			);
			path = PolymerTests;
			sourceTree = "<group>";
		};
		8047ABDA1A9FF411008093A4 /* Supporting Files */ = {
			isa = PBXGroup;
			children = (
				8047ABDB1A9FF411008093A4 /* Info.plist */,
			);
			name = "Supporting Files";
			sourceTree = "<group>";
		};
		8047ABE61A9FF534008093A4 /* Source */ = {
			isa = PBXGroup;
			children = (
				8047ABE71A9FF534008093A4 /* PLYEndpoint.h */,
				8047ABE81A9FF534008093A4 /* PLYEndpoint.m */,
				8047ABE91A9FF534008093A4 /* PLYNetworking.h */,
				8047ABEA1A9FF534008093A4 /* PLYNetworking.m */,
			);
			path = Source;
			sourceTree = "<group>";
		};
		8047ABF01A9FF586008093A4 /* Example */ = {
			isa = PBXGroup;
			children = (
				8047ABF11A9FF586008093A4 /* Models */,
				8047ABF61A9FF586008093A4 /* SpotifyEndpoints.h */,
				8047ABF71A9FF586008093A4 /* SpotifyEndpoints.m */,
			);
			path = Example;
			sourceTree = "<group>";
		};
		8047ABF11A9FF586008093A4 /* Models */ = {
			isa = PBXGroup;
			children = (
				8047ABF21A9FF586008093A4 /* SpotifyArtist.h */,
				8047ABF31A9FF586008093A4 /* SpotifyArtist.m */,
				8047ABF41A9FF586008093A4 /* SpotifyImageRef.h */,
				8047ABF51A9FF586008093A4 /* SpotifyImageRef.m */,
			);
			path = Models;
			sourceTree = "<group>";
		};
		806D78C91AE856B300A71CB0 /* Swift */ = {
			isa = PBXGroup;
			children = (
				806D78CB1AE856CA00A71CB0 /* PolymerSwift.swift */,
				802BF0D41B16B270005A62C3 /* Alt.swift */,
			);
			name = Swift;
			sourceTree = "<group>";
		};
/* End PBXGroup section */

/* Begin PBXNativeTarget section */
		8047ABBC1A9FF411008093A4 /* Polymer */ = {
			isa = PBXNativeTarget;
			buildConfigurationList = 8047ABE01A9FF411008093A4 /* Build configuration list for PBXNativeTarget "Polymer" */;
			buildPhases = (
				C068E9532B6CA3262178DE83 /* Check Pods Manifest.lock */,
				8047ABB91A9FF411008093A4 /* Sources */,
				8047ABBA1A9FF411008093A4 /* Frameworks */,
				8047ABBB1A9FF411008093A4 /* Resources */,
				6350524818B642A3B25DD11B /* Copy Pods Resources */,
			);
			buildRules = (
			);
			dependencies = (
			);
			name = Polymer;
			productName = Polymer;
			productReference = 8047ABBD1A9FF411008093A4 /* Polymer.app */;
			productType = "com.apple.product-type.application";
		};
		8047ABD51A9FF411008093A4 /* PolymerTests */ = {
			isa = PBXNativeTarget;
			buildConfigurationList = 8047ABE31A9FF411008093A4 /* Build configuration list for PBXNativeTarget "PolymerTests" */;
			buildPhases = (
				8047ABD21A9FF411008093A4 /* Sources */,
				8047ABD31A9FF411008093A4 /* Frameworks */,
				8047ABD41A9FF411008093A4 /* Resources */,
			);
			buildRules = (
			);
			dependencies = (
				8047ABD81A9FF411008093A4 /* PBXTargetDependency */,
			);
			name = PolymerTests;
			productName = PolymerTests;
			productReference = 8047ABD61A9FF411008093A4 /* PolymerTests.xctest */;
			productType = "com.apple.product-type.bundle.unit-test";
		};
/* End PBXNativeTarget section */

/* Begin PBXProject section */
		8047ABB51A9FF411008093A4 /* Project object */ = {
			isa = PBXProject;
			attributes = {
				LastUpgradeCheck = 0610;
				ORGANIZATIONNAME = LowriDevs;
				TargetAttributes = {
					8047ABBC1A9FF411008093A4 = {
						CreatedOnToolsVersion = 6.1.1;
					};
					8047ABD51A9FF411008093A4 = {
						CreatedOnToolsVersion = 6.1.1;
						TestTargetID = 8047ABBC1A9FF411008093A4;
					};
				};
			};
			buildConfigurationList = 8047ABB81A9FF411008093A4 /* Build configuration list for PBXProject "Polymer" */;
			compatibilityVersion = "Xcode 3.2";
			developmentRegion = English;
			hasScannedForEncodings = 0;
			knownRegions = (
				en,
				Base,
			);
			mainGroup = 8047ABB41A9FF411008093A4;
			productRefGroup = 8047ABBE1A9FF411008093A4 /* Products */;
			projectDirPath = "";
			projectRoot = "";
			targets = (
				8047ABBC1A9FF411008093A4 /* Polymer */,
				8047ABD51A9FF411008093A4 /* PolymerTests */,
			);
		};
/* End PBXProject section */

/* Begin PBXResourcesBuildPhase section */
		8047ABBB1A9FF411008093A4 /* Resources */ = {
			isa = PBXResourcesBuildPhase;
			buildActionMask = 2147483647;
			files = (
				8047ABCC1A9FF411008093A4 /* Main.storyboard in Resources */,
				8047ABD11A9FF411008093A4 /* LaunchScreen.xib in Resources */,
				8047ABCE1A9FF411008093A4 /* Images.xcassets in Resources */,
			);
			runOnlyForDeploymentPostprocessing = 0;
		};
		8047ABD41A9FF411008093A4 /* Resources */ = {
			isa = PBXResourcesBuildPhase;
			buildActionMask = 2147483647;
			files = (
			);
			runOnlyForDeploymentPostprocessing = 0;
		};
/* End PBXResourcesBuildPhase section */

/* Begin PBXShellScriptBuildPhase section */
		6350524818B642A3B25DD11B /* Copy Pods Resources */ = {
			isa = PBXShellScriptBuildPhase;
			buildActionMask = 2147483647;
			files = (
			);
			inputPaths = (
			);
			name = "Copy Pods Resources";
			outputPaths = (
			);
			runOnlyForDeploymentPostprocessing = 0;
			shellPath = /bin/sh;
			shellScript = "\"${SRCROOT}/Pods/Target Support Files/Pods/Pods-resources.sh\"\n";
			showEnvVarsInLog = 0;
		};
		C068E9532B6CA3262178DE83 /* Check Pods Manifest.lock */ = {
			isa = PBXShellScriptBuildPhase;
			buildActionMask = 2147483647;
			files = (
			);
			inputPaths = (
			);
			name = "Check Pods Manifest.lock";
			outputPaths = (
			);
			runOnlyForDeploymentPostprocessing = 0;
			shellPath = /bin/sh;
			shellScript = "diff \"${PODS_ROOT}/../Podfile.lock\" \"${PODS_ROOT}/Manifest.lock\" > /dev/null\nif [[ $? != 0 ]] ; then\n    cat << EOM\nerror: The sandbox is not in sync with the Podfile.lock. Run 'pod install' or update your CocoaPods installation.\nEOM\n    exit 1\nfi\n";
			showEnvVarsInLog = 0;
		};
/* End PBXShellScriptBuildPhase section */

/* Begin PBXSourcesBuildPhase section */
		8047ABB91A9FF411008093A4 /* Sources */ = {
			isa = PBXSourcesBuildPhase;
			buildActionMask = 2147483647;
			files = (
				8047ABEC1A9FF534008093A4 /* PLYNetworking.m in Sources */,
				8047ABEB1A9FF534008093A4 /* PLYEndpoint.m in Sources */,
				802BF0D51B16B270005A62C3 /* Alt.swift in Sources */,
				8047ABC61A9FF411008093A4 /* AppDelegate.m in Sources */,
				8047ABF91A9FF586008093A4 /* SpotifyImageRef.m in Sources */,
				8047ABC31A9FF411008093A4 /* main.m in Sources */,
				8047ABEF1A9FF544008093A4 /* ViewController.m in Sources */,
				8047ABF81A9FF586008093A4 /* SpotifyArtist.m in Sources */,
				8047ABFA1A9FF586008093A4 /* SpotifyEndpoints.m in Sources */,
			);
			runOnlyForDeploymentPostprocessing = 0;
		};
		8047ABD21A9FF411008093A4 /* Sources */ = {
			isa = PBXSourcesBuildPhase;
			buildActionMask = 2147483647;
			files = (
				8047ABDD1A9FF411008093A4 /* PolymerTests.m in Sources */,
			);
			runOnlyForDeploymentPostprocessing = 0;
		};
/* End PBXSourcesBuildPhase section */

/* Begin PBXTargetDependency section */
		8047ABD81A9FF411008093A4 /* PBXTargetDependency */ = {
			isa = PBXTargetDependency;
			target = 8047ABBC1A9FF411008093A4 /* Polymer */;
			targetProxy = 8047ABD71A9FF411008093A4 /* PBXContainerItemProxy */;
		};
/* End PBXTargetDependency section */

/* Begin PBXVariantGroup section */
		8047ABCA1A9FF411008093A4 /* Main.storyboard */ = {
			isa = PBXVariantGroup;
			children = (
				8047ABCB1A9FF411008093A4 /* Base */,
			);
			name = Main.storyboard;
			sourceTree = "<group>";
		};
		8047ABCF1A9FF411008093A4 /* LaunchScreen.xib */ = {
			isa = PBXVariantGroup;
			children = (
				8047ABD01A9FF411008093A4 /* Base */,
			);
			name = LaunchScreen.xib;
			sourceTree = "<group>";
		};
/* End PBXVariantGroup section */

/* Begin XCBuildConfiguration section */
		8047ABDE1A9FF411008093A4 /* Debug */ = {
			isa = XCBuildConfiguration;
			buildSettings = {
				ALWAYS_SEARCH_USER_PATHS = NO;
				CLANG_CXX_LANGUAGE_STANDARD = "gnu++0x";
				CLANG_CXX_LIBRARY = "libc++";
				CLANG_ENABLE_MODULES = YES;
				CLANG_ENABLE_OBJC_ARC = YES;
				CLANG_WARN_BOOL_CONVERSION = YES;
				CLANG_WARN_CONSTANT_CONVERSION = YES;
				CLANG_WARN_DIRECT_OBJC_ISA_USAGE = YES_ERROR;
				CLANG_WARN_EMPTY_BODY = YES;
				CLANG_WARN_ENUM_CONVERSION = YES;
				CLANG_WARN_INT_CONVERSION = YES;
				CLANG_WARN_OBJC_ROOT_CLASS = YES_ERROR;
				CLANG_WARN_UNREACHABLE_CODE = YES;
				CLANG_WARN__DUPLICATE_METHOD_MATCH = YES;
				"CODE_SIGN_IDENTITY[sdk=iphoneos*]" = "iPhone Developer";
				COPY_PHASE_STRIP = NO;
				ENABLE_STRICT_OBJC_MSGSEND = YES;
				GCC_C_LANGUAGE_STANDARD = gnu99;
				GCC_DYNAMIC_NO_PIC = NO;
				GCC_OPTIMIZATION_LEVEL = 0;
				GCC_PREPROCESSOR_DEFINITIONS = (
					"DEBUG=1",
					"$(inherited)",
				);
				GCC_SYMBOLS_PRIVATE_EXTERN = NO;
				GCC_WARN_64_TO_32_BIT_CONVERSION = YES;
				GCC_WARN_ABOUT_RETURN_TYPE = YES_ERROR;
				GCC_WARN_UNDECLARED_SELECTOR = YES;
				GCC_WARN_UNINITIALIZED_AUTOS = YES_AGGRESSIVE;
				GCC_WARN_UNUSED_FUNCTION = YES;
				GCC_WARN_UNUSED_VARIABLE = YES;
				IPHONEOS_DEPLOYMENT_TARGET = 8.1;
				MTL_ENABLE_DEBUG_INFO = YES;
				ONLY_ACTIVE_ARCH = YES;
				SDKROOT = iphoneos;
			};
			name = Debug;
		};
		8047ABDF1A9FF411008093A4 /* Release */ = {
			isa = XCBuildConfiguration;
			buildSettings = {
				ALWAYS_SEARCH_USER_PATHS = NO;
				CLANG_CXX_LANGUAGE_STANDARD = "gnu++0x";
				CLANG_CXX_LIBRARY = "libc++";
				CLANG_ENABLE_MODULES = YES;
				CLANG_ENABLE_OBJC_ARC = YES;
				CLANG_WARN_BOOL_CONVERSION = YES;
				CLANG_WARN_CONSTANT_CONVERSION = YES;
				CLANG_WARN_DIRECT_OBJC_ISA_USAGE = YES_ERROR;
				CLANG_WARN_EMPTY_BODY = YES;
				CLANG_WARN_ENUM_CONVERSION = YES;
				CLANG_WARN_INT_CONVERSION = YES;
				CLANG_WARN_OBJC_ROOT_CLASS = YES_ERROR;
				CLANG_WARN_UNREACHABLE_CODE = YES;
				CLANG_WARN__DUPLICATE_METHOD_MATCH = YES;
				"CODE_SIGN_IDENTITY[sdk=iphoneos*]" = "iPhone Developer";
				COPY_PHASE_STRIP = YES;
				ENABLE_NS_ASSERTIONS = NO;
				ENABLE_STRICT_OBJC_MSGSEND = YES;
				GCC_C_LANGUAGE_STANDARD = gnu99;
				GCC_WARN_64_TO_32_BIT_CONVERSION = YES;
				GCC_WARN_ABOUT_RETURN_TYPE = YES_ERROR;
				GCC_WARN_UNDECLARED_SELECTOR = YES;
				GCC_WARN_UNINITIALIZED_AUTOS = YES_AGGRESSIVE;
				GCC_WARN_UNUSED_FUNCTION = YES;
				GCC_WARN_UNUSED_VARIABLE = YES;
				IPHONEOS_DEPLOYMENT_TARGET = 8.1;
				MTL_ENABLE_DEBUG_INFO = NO;
				SDKROOT = iphoneos;
				VALIDATE_PRODUCT = YES;
			};
			name = Release;
		};
		8047ABE11A9FF411008093A4 /* Debug */ = {
			isa = XCBuildConfiguration;
			baseConfigurationReference = A0FBB3DBC2B8B49B82E248CB /* Pods.debug.xcconfig */;
			buildSettings = {
				ASSETCATALOG_COMPILER_APPICON_NAME = AppIcon;
				CLANG_ENABLE_MODULES = YES;
				INFOPLIST_FILE = Polymer/Info.plist;
				LD_RUNPATH_SEARCH_PATHS = "$(inherited) @executable_path/Frameworks";
				PRODUCT_NAME = "$(TARGET_NAME)";
				SWIFT_OBJC_BRIDGING_HEADER = "Polymer/Polymer-Bridging-Header.h";
				SWIFT_OPTIMIZATION_LEVEL = "-Onone";
			};
			name = Debug;
		};
		8047ABE21A9FF411008093A4 /* Release */ = {
			isa = XCBuildConfiguration;
			baseConfigurationReference = 3012B6C3FE5EB86E20D2425A /* Pods.release.xcconfig */;
			buildSettings = {
				ASSETCATALOG_COMPILER_APPICON_NAME = AppIcon;
				CLANG_ENABLE_MODULES = YES;
				INFOPLIST_FILE = Polymer/Info.plist;
				LD_RUNPATH_SEARCH_PATHS = "$(inherited) @executable_path/Frameworks";
				PRODUCT_NAME = "$(TARGET_NAME)";
				SWIFT_OBJC_BRIDGING_HEADER = "Polymer/Polymer-Bridging-Header.h";
			};
			name = Release;
		};
		8047ABE41A9FF411008093A4 /* Debug */ = {
			isa = XCBuildConfiguration;
			buildSettings = {
				BUNDLE_LOADER = "$(TEST_HOST)";
				FRAMEWORK_SEARCH_PATHS = (
					"$(SDKROOT)/Developer/Library/Frameworks",
					"$(inherited)",
				);
				GCC_PREPROCESSOR_DEFINITIONS = (
					"DEBUG=1",
					"$(inherited)",
				);
				INFOPLIST_FILE = PolymerTests/Info.plist;
				LD_RUNPATH_SEARCH_PATHS = "$(inherited) @executable_path/Frameworks @loader_path/Frameworks";
				PRODUCT_NAME = "$(TARGET_NAME)";
				TEST_HOST = "$(BUILT_PRODUCTS_DIR)/Polymer.app/Polymer";
			};
			name = Debug;
		};
		8047ABE51A9FF411008093A4 /* Release */ = {
			isa = XCBuildConfiguration;
			buildSettings = {
				BUNDLE_LOADER = "$(TEST_HOST)";
				FRAMEWORK_SEARCH_PATHS = (
					"$(SDKROOT)/Developer/Library/Frameworks",
					"$(inherited)",
				);
				INFOPLIST_FILE = PolymerTests/Info.plist;
				LD_RUNPATH_SEARCH_PATHS = "$(inherited) @executable_path/Frameworks @loader_path/Frameworks";
				PRODUCT_NAME = "$(TARGET_NAME)";
				TEST_HOST = "$(BUILT_PRODUCTS_DIR)/Polymer.app/Polymer";
			};
			name = Release;
		};
/* End XCBuildConfiguration section */

/* Begin XCConfigurationList section */
		8047ABB81A9FF411008093A4 /* Build configuration list for PBXProject "Polymer" */ = {
			isa = XCConfigurationList;
			buildConfigurations = (
				8047ABDE1A9FF411008093A4 /* Debug */,
				8047ABDF1A9FF411008093A4 /* Release */,
			);
			defaultConfigurationIsVisible = 0;
			defaultConfigurationName = Release;
		};
		8047ABE01A9FF411008093A4 /* Build configuration list for PBXNativeTarget "Polymer" */ = {
			isa = XCConfigurationList;
			buildConfigurations = (
				8047ABE11A9FF411008093A4 /* Debug */,
				8047ABE21A9FF411008093A4 /* Release */,
			);
			defaultConfigurationIsVisible = 0;
			defaultConfigurationName = Release;
		};
		8047ABE31A9FF411008093A4 /* Build configuration list for PBXNativeTarget "PolymerTests" */ = {
			isa = XCConfigurationList;
			buildConfigurations = (
				8047ABE41A9FF411008093A4 /* Debug */,
				8047ABE51A9FF411008093A4 /* Release */,
			);
			defaultConfigurationIsVisible = 0;
			defaultConfigurationName = Release;
		};
/* End XCConfigurationList section */
	};
	rootObject = 8047ABB51A9FF411008093A4 /* Project object */;
}
